
Microsoft Visual Studio Solution File, Format Version 12.00
# Visual Studio Version 17
VisualStudioVersion = 17.2.32616.157
MinimumVisualStudioVersion = 10.0.40219.1
Project("{9A19103F-16F7-4668-BE54-9A1E7A4F7556}") = "Hangman", "Hangman\Hangman.csproj", "{7E89F537-92E0-4066-BC0E-2640BB2AC895}"
EndProject
Project("{2150E333-8FDC-42A3-9474-1A3956D46DE8}") = "Solution Items", "Solution Items", "{3FAEC08A-8B84-42AA-812B-B3EEC5E5AB0B}"
EndProject
Global
	GlobalSection(SolutionConfigurationPlatforms) = preSolution
		Debug|Any CPU = Debug|Any CPU
		Release|Any CPU = Release|Any CPU
	EndGlobalSection
	GlobalSection(ProjectConfigurationPlatforms) = postSolution
		{7E89F537-92E0-4066-BC0E-2640BB2AC895}.Debug|Any CPU.ActiveCfg = Debug|Any CPU
		{7E89F537-92E0-4066-BC0E-2640BB2AC895}.Debug|Any CPU.Build.0 = Debug|Any CPU
		{7E89F537-92E0-4066-BC0E-2640BB2AC895}.Release|Any CPU.ActiveCfg = Release|Any CPU
		{7E89F537-92E0-4066-BC0E-2640BB2AC895}.Release|Any CPU.Build.0 = Release|Any CPU
	EndGlobalSection
	GlobalSection(SolutionProperties) = preSolution
		HideSolutionNode = FALSE
	EndGlobalSection
	GlobalSection(ExtensibilityGlobals) = postSolution
		SolutionGuid = {655F4DF4-91FA-40B2-B549-242176C38422}
	EndGlobalSection
EndGlobal
